
Microsoft Visual Studio Solution File, Format Version 12.00
# Visual Studio Version 17
VisualStudioVersion = 17.7.34031.279
MinimumVisualStudioVersion = 10.0.40219.1
Project("{9A19103F-16F7-4668-BE54-9A1E7A4F7556}") = "MartinezBianchi.Michelle.4i.Esercizio17", "MartinezBianchi.Michelle.4i.Esercizio17\MartinezBianchi.Michelle.4i.Esercizio17.csproj", "{3768FAFC-72CD-4F71-BFA7-EA70D7A687BD}"
EndProject
Project("{FAE04EC0-301F-11D3-BF4B-00C04F79EFBC}") = "SlotMachine", "SlotMachine\SlotMachine.csproj", "{5CDC84AB-E84F-4194-893E-7D6470570C20}"
EndProject
Global
	GlobalSection(SolutionConfigurationPlatforms) = preSolution
		Debug|Any CPU = Debug|Any CPU
		Release|Any CPU = Release|Any CPU
	EndGlobalSection
	GlobalSection(ProjectConfigurationPlatforms) = postSolution
		{3768FAFC-72CD-4F71-BFA7-EA70D7A687BD}.Debug|Any CPU.ActiveCfg = Debug|Any CPU
		{3768FAFC-72CD-4F71-BFA7-EA70D7A687BD}.Debug|Any CPU.Build.0 = Debug|Any CPU
		{3768FAFC-72CD-4F71-BFA7-EA70D7A687BD}.Release|Any CPU.ActiveCfg = Release|Any CPU
		{3768FAFC-72CD-4F71-BFA7-EA70D7A687BD}.Release|Any CPU.Build.0 = Release|Any CPU
		{5CDC84AB-E84F-4194-893E-7D6470570C20}.Debug|Any CPU.ActiveCfg = Debug|Any CPU
		{5CDC84AB-E84F-4194-893E-7D6470570C20}.Debug|Any CPU.Build.0 = Debug|Any CPU
		{5CDC84AB-E84F-4194-893E-7D6470570C20}.Release|Any CPU.ActiveCfg = Release|Any CPU
		{5CDC84AB-E84F-4194-893E-7D6470570C20}.Release|Any CPU.Build.0 = Release|Any CPU
	EndGlobalSection
	GlobalSection(SolutionProperties) = preSolution
		HideSolutionNode = FALSE
	EndGlobalSection
	GlobalSection(ExtensibilityGlobals) = postSolution
		SolutionGuid = {8D668DFE-467A-4E3F-99A6-51E4F62F8A04}
	EndGlobalSection
EndGlobal
