
Microsoft Visual Studio Solution File, Format Version 12.00
# Visual Studio Version 17
VisualStudioVersion = 17.7.34031.279
MinimumVisualStudioVersion = 10.0.40219.1
Project("{9A19103F-16F7-4668-BE54-9A1E7A4F7556}") = "SlotMachineProj", "..\..\..\Downloads\SlotMachine-main\SlotMachine-main\SlotMachineWPF\SlotMachineProj.csproj", "{CEEE2CBE-43CB-445E-B840-33F817C1BC23}"
EndProject
Project("{FAE04EC0-301F-11D3-BF4B-00C04F79EFBC}") = "SlotMachineCnsl", "..\..\..\Downloads\SlotMachine-main\SlotMachine-main\SlotMachineCnsl\SlotMachineCnsl.csproj", "{4D65EA77-FED9-4F8D-9C3E-179667E7F26F}"
EndProject
Project("{FAE04EC0-301F-11D3-BF4B-00C04F79EFBC}") = "SlotMachineLib", "..\..\..\Downloads\SlotMachine-main\SlotMachine-main\SlotMachineLib\SlotMachineLib.csproj", "{31F9F0F5-1375-4149-B8B7-F08D3E21A309}"
EndProject
Global
	GlobalSection(SolutionConfigurationPlatforms) = preSolution
		Debug|Any CPU = Debug|Any CPU
		Release|Any CPU = Release|Any CPU
	EndGlobalSection
	GlobalSection(ProjectConfigurationPlatforms) = postSolution
		{CEEE2CBE-43CB-445E-B840-33F817C1BC23}.Debug|Any CPU.ActiveCfg = Debug|Any CPU
		{CEEE2CBE-43CB-445E-B840-33F817C1BC23}.Debug|Any CPU.Build.0 = Debug|Any CPU
		{CEEE2CBE-43CB-445E-B840-33F817C1BC23}.Release|Any CPU.ActiveCfg = Release|Any CPU
		{CEEE2CBE-43CB-445E-B840-33F817C1BC23}.Release|Any CPU.Build.0 = Release|Any CPU
		{4D65EA77-FED9-4F8D-9C3E-179667E7F26F}.Debug|Any CPU.ActiveCfg = Debug|Any CPU
		{4D65EA77-FED9-4F8D-9C3E-179667E7F26F}.Debug|Any CPU.Build.0 = Debug|Any CPU
		{4D65EA77-FED9-4F8D-9C3E-179667E7F26F}.Release|Any CPU.ActiveCfg = Release|Any CPU
		{4D65EA77-FED9-4F8D-9C3E-179667E7F26F}.Release|Any CPU.Build.0 = Release|Any CPU
		{31F9F0F5-1375-4149-B8B7-F08D3E21A309}.Debug|Any CPU.ActiveCfg = Debug|Any CPU
		{31F9F0F5-1375-4149-B8B7-F08D3E21A309}.Debug|Any CPU.Build.0 = Debug|Any CPU
		{31F9F0F5-1375-4149-B8B7-F08D3E21A309}.Release|Any CPU.ActiveCfg = Release|Any CPU
		{31F9F0F5-1375-4149-B8B7-F08D3E21A309}.Release|Any CPU.Build.0 = Release|Any CPU
	EndGlobalSection
	GlobalSection(SolutionProperties) = preSolution
		HideSolutionNode = FALSE
	EndGlobalSection
	GlobalSection(ExtensibilityGlobals) = postSolution
		SolutionGuid = {6E37E6DE-2ACF-40A7-925D-95F8055FEDFF}
	EndGlobalSection
EndGlobal
