
Microsoft Visual Studio Solution File, Format Version 12.00
# Visual Studio Version 17
VisualStudioVersion = 17.7.34031.279
MinimumVisualStudioVersion = 10.0.40219.1
Project("{9A19103F-16F7-4668-BE54-9A1E7A4F7556}") = "SlotMachineConsole", "SlotMachineConsole\SlotMachineConsole.csproj", "{F62E0414-7EE7-4EC0-AEBE-7D0D9407F198}"
EndProject
Project("{9A19103F-16F7-4668-BE54-9A1E7A4F7556}") = "SlotMachine", "..\..\..\..\Downloads\SlotMachine-main\SlotMachine\SlotMachine.csproj", "{3538CA57-672F-4653-A412-D76DF841D4D2}"
EndProject
Global
	GlobalSection(SolutionConfigurationPlatforms) = preSolution
		Debug|Any CPU = Debug|Any CPU
		Release|Any CPU = Release|Any CPU
	EndGlobalSection
	GlobalSection(ProjectConfigurationPlatforms) = postSolution
		{F62E0414-7EE7-4EC0-AEBE-7D0D9407F198}.Debug|Any CPU.ActiveCfg = Debug|Any CPU
		{F62E0414-7EE7-4EC0-AEBE-7D0D9407F198}.Debug|Any CPU.Build.0 = Debug|Any CPU
		{F62E0414-7EE7-4EC0-AEBE-7D0D9407F198}.Release|Any CPU.ActiveCfg = Release|Any CPU
		{F62E0414-7EE7-4EC0-AEBE-7D0D9407F198}.Release|Any CPU.Build.0 = Release|Any CPU
		{3538CA57-672F-4653-A412-D76DF841D4D2}.Debug|Any CPU.ActiveCfg = Debug|Any CPU
		{3538CA57-672F-4653-A412-D76DF841D4D2}.Debug|Any CPU.Build.0 = Debug|Any CPU
		{3538CA57-672F-4653-A412-D76DF841D4D2}.Release|Any CPU.ActiveCfg = Release|Any CPU
		{3538CA57-672F-4653-A412-D76DF841D4D2}.Release|Any CPU.Build.0 = Release|Any CPU
	EndGlobalSection
	GlobalSection(SolutionProperties) = preSolution
		HideSolutionNode = FALSE
	EndGlobalSection
	GlobalSection(ExtensibilityGlobals) = postSolution
		SolutionGuid = {D502A04E-728F-4023-B592-A73DB0305F91}
	EndGlobalSection
EndGlobal
